
Microsoft Visual Studio Solution File, Format Version 12.00
# Visual Studio Version 17
VisualStudioVersion = 17.7.34221.43
MinimumVisualStudioVersion = 10.0.40219.1
Project("{FAE04EC0-301F-11D3-BF4B-00C04F79EFBC}") = "Group 2 Assignment 4", "Group 2 Assignment 4.csproj", "{6AA619FB-5341-4EFF-849C-F020F99318CF}"
EndProject
Global
	GlobalSection(SolutionConfigurationPlatforms) = preSolution
		Debug|Any CPU = Debug|Any CPU
		Release|Any CPU = Release|Any CPU
	EndGlobalSection
	GlobalSection(ProjectConfigurationPlatforms) = postSolution
		{6AA619FB-5341-4EFF-849C-F020F99318CF}.Debug|Any CPU.ActiveCfg = Debug|Any CPU
		{6AA619FB-5341-4EFF-849C-F020F99318CF}.Debug|Any CPU.Build.0 = Debug|Any CPU
		{6AA619FB-5341-4EFF-849C-F020F99318CF}.Release|Any CPU.ActiveCfg = Release|Any CPU
		{6AA619FB-5341-4EFF-849C-F020F99318CF}.Release|Any CPU.Build.0 = Release|Any CPU
	EndGlobalSection
	GlobalSection(SolutionProperties) = preSolution
		HideSolutionNode = FALSE
	EndGlobalSection
	GlobalSection(ExtensibilityGlobals) = postSolution
		SolutionGuid = {6A95BD08-07DD-4F06-B406-C42094BD2005}
	EndGlobalSection
EndGlobal
